// !$*UTF8*$!
{
	archiveVersion = 1;
	classes = {
	};
	objectVersion = 50;
	objects = {

/* Begin PBXBuildFile section */
		3E1DDFA223DB8CCB00ED7E0E /* AddPhotoJournalEntryViewController.swift in Sources */ = {isa = PBXBuildFile; fileRef = 3E1DDFA123DB8CCB00ED7E0E /* AddPhotoJournalEntryViewController.swift */; };
		3EFE3B4423DA395500782F66 /* AppDelegate.swift in Sources */ = {isa = PBXBuildFile; fileRef = 3EFE3B4323DA395500782F66 /* AppDelegate.swift */; };
		3EFE3B4623DA395500782F66 /* SceneDelegate.swift in Sources */ = {isa = PBXBuildFile; fileRef = 3EFE3B4523DA395500782F66 /* SceneDelegate.swift */; };
		3EFE3B4823DA395500782F66 /* PhotoJournalEntriesViewController.swift in Sources */ = {isa = PBXBuildFile; fileRef = 3EFE3B4723DA395500782F66 /* PhotoJournalEntriesViewController.swift */; };
		3EFE3B4B23DA395500782F66 /* Main.storyboard in Resources */ = {isa = PBXBuildFile; fileRef = 3EFE3B4923DA395500782F66 /* Main.storyboard */; };
		3EFE3B4D23DA395900782F66 /* Assets.xcassets in Resources */ = {isa = PBXBuildFile; fileRef = 3EFE3B4C23DA395900782F66 /* Assets.xcassets */; };
		3EFE3B5023DA395900782F66 /* LaunchScreen.storyboard in Resources */ = {isa = PBXBuildFile; fileRef = 3EFE3B4E23DA395900782F66 /* LaunchScreen.storyboard */; };
		3EFE3B5B23DA395A00782F66 /* Photo_Journal_ProjectTests.swift in Sources */ = {isa = PBXBuildFile; fileRef = 3EFE3B5A23DA395A00782F66 /* Photo_Journal_ProjectTests.swift */; };
		3EFE3B6723DA682300782F66 /* PhotoJournalCollectionViewCell.swift in Sources */ = {isa = PBXBuildFile; fileRef = 3EFE3B6623DA682300782F66 /* PhotoJournalCollectionViewCell.swift */; };
		3EFE3B6D23DA6CB300782F66 /* FileManager + Extensions.swift in Sources */ = {isa = PBXBuildFile; fileRef = 3EFE3B6C23DA6CB300782F66 /* FileManager + Extensions.swift */; };
		3EFE3B6F23DA6D6400782F66 /* PersistenceHelper.swift in Sources */ = {isa = PBXBuildFile; fileRef = 3EFE3B6E23DA6D6400782F66 /* PersistenceHelper.swift */; };
		3EFE3B7223DA6EF100782F66 /* ImageObject.swift in Sources */ = {isa = PBXBuildFile; fileRef = 3EFE3B7123DA6EF100782F66 /* ImageObject.swift */; };
/* End PBXBuildFile section */

/* Begin PBXContainerItemProxy section */
		3EFE3B5723DA395A00782F66 /* PBXContainerItemProxy */ = {
			isa = PBXContainerItemProxy;
			containerPortal = 3EFE3B3823DA395500782F66 /* Project object */;
			proxyType = 1;
			remoteGlobalIDString = 3EFE3B3F23DA395500782F66;
			remoteInfo = Photo_Journal_Project;
		};
/* End PBXContainerItemProxy section */

/* Begin PBXFileReference section */
		3E1DDFA123DB8CCB00ED7E0E /* AddPhotoJournalEntryViewController.swift */ = {isa = PBXFileReference; lastKnownFileType = sourcecode.swift; path = AddPhotoJournalEntryViewController.swift; sourceTree = "<group>"; };
		3EFE3B4023DA395500782F66 /* Photo_Journal_Project.app */ = {isa = PBXFileReference; explicitFileType = wrapper.application; includeInIndex = 0; path = Photo_Journal_Project.app; sourceTree = BUILT_PRODUCTS_DIR; };
		3EFE3B4323DA395500782F66 /* AppDelegate.swift */ = {isa = PBXFileReference; lastKnownFileType = sourcecode.swift; path = AppDelegate.swift; sourceTree = "<group>"; };
		3EFE3B4523DA395500782F66 /* SceneDelegate.swift */ = {isa = PBXFileReference; lastKnownFileType = sourcecode.swift; path = SceneDelegate.swift; sourceTree = "<group>"; };
		3EFE3B4723DA395500782F66 /* PhotoJournalEntriesViewController.swift */ = {isa = PBXFileReference; lastKnownFileType = sourcecode.swift; path = PhotoJournalEntriesViewController.swift; sourceTree = "<group>"; };
		3EFE3B4A23DA395500782F66 /* Base */ = {isa = PBXFileReference; lastKnownFileType = file.storyboard; name = Base; path = Base.lproj/Main.storyboard; sourceTree = "<group>"; };
		3EFE3B4C23DA395900782F66 /* Assets.xcassets */ = {isa = PBXFileReference; lastKnownFileType = folder.assetcatalog; path = Assets.xcassets; sourceTree = "<group>"; };
		3EFE3B4F23DA395900782F66 /* Base */ = {isa = PBXFileReference; lastKnownFileType = file.storyboard; name = Base; path = Base.lproj/LaunchScreen.storyboard; sourceTree = "<group>"; };
		3EFE3B5123DA395900782F66 /* Info.plist */ = {isa = PBXFileReference; lastKnownFileType = text.plist.xml; path = Info.plist; sourceTree = "<group>"; };
		3EFE3B5623DA395A00782F66 /* Photo_Journal_ProjectTests.xctest */ = {isa = PBXFileReference; explicitFileType = wrapper.cfbundle; includeInIndex = 0; path = Photo_Journal_ProjectTests.xctest; sourceTree = BUILT_PRODUCTS_DIR; };
		3EFE3B5A23DA395A00782F66 /* Photo_Journal_ProjectTests.swift */ = {isa = PBXFileReference; lastKnownFileType = sourcecode.swift; path = Photo_Journal_ProjectTests.swift; sourceTree = "<group>"; };
		3EFE3B5C23DA395A00782F66 /* Info.plist */ = {isa = PBXFileReference; lastKnownFileType = text.plist.xml; path = Info.plist; sourceTree = "<group>"; };
		3EFE3B6623DA682300782F66 /* PhotoJournalCollectionViewCell.swift */ = {isa = PBXFileReference; lastKnownFileType = sourcecode.swift; path = PhotoJournalCollectionViewCell.swift; sourceTree = "<group>"; };
		3EFE3B6C23DA6CB300782F66 /* FileManager + Extensions.swift */ = {isa = PBXFileReference; lastKnownFileType = sourcecode.swift; path = "FileManager + Extensions.swift"; sourceTree = "<group>"; };
		3EFE3B6E23DA6D6400782F66 /* PersistenceHelper.swift */ = {isa = PBXFileReference; lastKnownFileType = sourcecode.swift; path = PersistenceHelper.swift; sourceTree = "<group>"; };
		3EFE3B7123DA6EF100782F66 /* ImageObject.swift */ = {isa = PBXFileReference; lastKnownFileType = sourcecode.swift; path = ImageObject.swift; sourceTree = "<group>"; };
/* End PBXFileReference section */

/* Begin PBXFrameworksBuildPhase section */
		3EFE3B3D23DA395500782F66 /* Frameworks */ = {
			isa = PBXFrameworksBuildPhase;
			buildActionMask = 2147483647;
			files = (
			);
			runOnlyForDeploymentPostprocessing = 0;
		};
		3EFE3B5323DA395A00782F66 /* Frameworks */ = {
			isa = PBXFrameworksBuildPhase;
			buildActionMask = 2147483647;
			files = (
			);
			runOnlyForDeploymentPostprocessing = 0;
		};
/* End PBXFrameworksBuildPhase section */

/* Begin PBXGroup section */
		3EFE3B3723DA395500782F66 = {
			isa = PBXGroup;
			children = (
				3EFE3B4223DA395500782F66 /* Photo_Journal_Project */,
				3EFE3B5923DA395A00782F66 /* Photo_Journal_ProjectTests */,
				3EFE3B4123DA395500782F66 /* Products */,
			);
			sourceTree = "<group>";
		};
		3EFE3B4123DA395500782F66 /* Products */ = {
			isa = PBXGroup;
			children = (
				3EFE3B4023DA395500782F66 /* Photo_Journal_Project.app */,
				3EFE3B5623DA395A00782F66 /* Photo_Journal_ProjectTests.xctest */,
			);
			name = Products;
			sourceTree = "<group>";
		};
		3EFE3B4223DA395500782F66 /* Photo_Journal_Project */ = {
			isa = PBXGroup;
			children = (
				3EFE3B7023DA6ED200782F66 /* Models */,
				3EFE3B6823DA6A8500782F66 /* Data Persistence */,
				3EFE3B6523DA67CB00782F66 /* Controllers */,
				3EFE3B4323DA395500782F66 /* AppDelegate.swift */,
				3EFE3B4523DA395500782F66 /* SceneDelegate.swift */,
				3EFE3B4923DA395500782F66 /* Main.storyboard */,
				3EFE3B4C23DA395900782F66 /* Assets.xcassets */,
				3EFE3B4E23DA395900782F66 /* LaunchScreen.storyboard */,
				3EFE3B5123DA395900782F66 /* Info.plist */,
			);
			path = Photo_Journal_Project;
			sourceTree = "<group>";
		};
		3EFE3B5923DA395A00782F66 /* Photo_Journal_ProjectTests */ = {
			isa = PBXGroup;
			children = (
				3EFE3B5A23DA395A00782F66 /* Photo_Journal_ProjectTests.swift */,
				3EFE3B5C23DA395A00782F66 /* Info.plist */,
			);
			path = Photo_Journal_ProjectTests;
			sourceTree = "<group>";
		};
		3EFE3B6523DA67CB00782F66 /* Controllers */ = {
			isa = PBXGroup;
			children = (
				3EFE3B4723DA395500782F66 /* PhotoJournalEntriesViewController.swift */,
				3EFE3B6623DA682300782F66 /* PhotoJournalCollectionViewCell.swift */,
				3E1DDFA123DB8CCB00ED7E0E /* AddPhotoJournalEntryViewController.swift */,
			);
			path = Controllers;
			sourceTree = "<group>";
		};
		3EFE3B6823DA6A8500782F66 /* Data Persistence */ = {
			isa = PBXGroup;
			children = (
				3EFE3B6C23DA6CB300782F66 /* FileManager + Extensions.swift */,
				3EFE3B6E23DA6D6400782F66 /* PersistenceHelper.swift */,
			);
			path = "Data Persistence";
			sourceTree = "<group>";
		};
		3EFE3B7023DA6ED200782F66 /* Models */ = {
			isa = PBXGroup;
			children = (
				3EFE3B7123DA6EF100782F66 /* ImageObject.swift */,
			);
			path = Models;
			sourceTree = "<group>";
		};
/* End PBXGroup section */

/* Begin PBXNativeTarget section */
		3EFE3B3F23DA395500782F66 /* Photo_Journal_Project */ = {
			isa = PBXNativeTarget;
			buildConfigurationList = 3EFE3B5F23DA395A00782F66 /* Build configuration list for PBXNativeTarget "Photo_Journal_Project" */;
			buildPhases = (
				3EFE3B3C23DA395500782F66 /* Sources */,
				3EFE3B3D23DA395500782F66 /* Frameworks */,
				3EFE3B3E23DA395500782F66 /* Resources */,
			);
			buildRules = (
			);
			dependencies = (
			);
			name = Photo_Journal_Project;
			productName = Photo_Journal_Project;
			productReference = 3EFE3B4023DA395500782F66 /* Photo_Journal_Project.app */;
			productType = "com.apple.product-type.application";
		};
		3EFE3B5523DA395A00782F66 /* Photo_Journal_ProjectTests */ = {
			isa = PBXNativeTarget;
			buildConfigurationList = 3EFE3B6223DA395A00782F66 /* Build configuration list for PBXNativeTarget "Photo_Journal_ProjectTests" */;
			buildPhases = (
				3EFE3B5223DA395A00782F66 /* Sources */,
				3EFE3B5323DA395A00782F66 /* Frameworks */,
				3EFE3B5423DA395A00782F66 /* Resources */,
			);
			buildRules = (
			);
			dependencies = (
				3EFE3B5823DA395A00782F66 /* PBXTargetDependency */,
			);
			name = Photo_Journal_ProjectTests;
			productName = Photo_Journal_ProjectTests;
			productReference = 3EFE3B5623DA395A00782F66 /* Photo_Journal_ProjectTests.xctest */;
			productType = "com.apple.product-type.bundle.unit-test";
		};
/* End PBXNativeTarget section */

/* Begin PBXProject section */
		3EFE3B3823DA395500782F66 /* Project object */ = {
			isa = PBXProject;
			attributes = {
				LastSwiftUpdateCheck = 1130;
				LastUpgradeCheck = 1130;
				ORGANIZATIONNAME = "Tiffany Obi";
				TargetAttributes = {
					3EFE3B3F23DA395500782F66 = {
						CreatedOnToolsVersion = 11.3;
					};
					3EFE3B5523DA395A00782F66 = {
						CreatedOnToolsVersion = 11.3;
						TestTargetID = 3EFE3B3F23DA395500782F66;
					};
				};
			};
			buildConfigurationList = 3EFE3B3B23DA395500782F66 /* Build configuration list for PBXProject "Photo_Journal_Project" */;
			compatibilityVersion = "Xcode 9.3";
			developmentRegion = en;
			hasScannedForEncodings = 0;
			knownRegions = (
				en,
				Base,
			);
			mainGroup = 3EFE3B3723DA395500782F66;
			productRefGroup = 3EFE3B4123DA395500782F66 /* Products */;
			projectDirPath = "";
			projectRoot = "";
			targets = (
				3EFE3B3F23DA395500782F66 /* Photo_Journal_Project */,
				3EFE3B5523DA395A00782F66 /* Photo_Journal_ProjectTests */,
			);
		};
/* End PBXProject section */

/* Begin PBXResourcesBuildPhase section */
		3EFE3B3E23DA395500782F66 /* Resources */ = {
			isa = PBXResourcesBuildPhase;
			buildActionMask = 2147483647;
			files = (
				3EFE3B5023DA395900782F66 /* LaunchScreen.storyboard in Resources */,
				3EFE3B4D23DA395900782F66 /* Assets.xcassets in Resources */,
				3EFE3B4B23DA395500782F66 /* Main.storyboard in Resources */,
			);
			runOnlyForDeploymentPostprocessing = 0;
		};
		3EFE3B5423DA395A00782F66 /* Resources */ = {
			isa = PBXResourcesBuildPhase;
			buildActionMask = 2147483647;
			files = (
			);
			runOnlyForDeploymentPostprocessing = 0;
		};
/* End PBXResourcesBuildPhase section */

/* Begin PBXSourcesBuildPhase section */
		3EFE3B3C23DA395500782F66 /* Sources */ = {
			isa = PBXSourcesBuildPhase;
			buildActionMask = 2147483647;
			files = (
				3EFE3B6D23DA6CB300782F66 /* FileManager + Extensions.swift in Sources */,
				3EFE3B6F23DA6D6400782F66 /* PersistenceHelper.swift in Sources */,
				3E1DDFA223DB8CCB00ED7E0E /* AddPhotoJournalEntryViewController.swift in Sources */,
				3EFE3B4823DA395500782F66 /* PhotoJournalEntriesViewController.swift in Sources */,
				3EFE3B4423DA395500782F66 /* AppDelegate.swift in Sources */,
				3EFE3B7223DA6EF100782F66 /* ImageObject.swift in Sources */,
				3EFE3B4623DA395500782F66 /* SceneDelegate.swift in Sources */,
				3EFE3B6723DA682300782F66 /* PhotoJournalCollectionViewCell.swift in Sources */,
			);
			runOnlyForDeploymentPostprocessing = 0;
		};
		3EFE3B5223DA395A00782F66 /* Sources */ = {
			isa = PBXSourcesBuildPhase;
			buildActionMask = 2147483647;
			files = (
				3EFE3B5B23DA395A00782F66 /* Photo_Journal_ProjectTests.swift in Sources */,
			);
			runOnlyForDeploymentPostprocessing = 0;
		};
/* End PBXSourcesBuildPhase section */

/* Begin PBXTargetDependency section */
		3EFE3B5823DA395A00782F66 /* PBXTargetDependency */ = {
			isa = PBXTargetDependency;
			target = 3EFE3B3F23DA395500782F66 /* Photo_Journal_Project */;
			targetProxy = 3EFE3B5723DA395A00782F66 /* PBXContainerItemProxy */;
		};
/* End PBXTargetDependency section */

/* Begin PBXVariantGroup section */
		3EFE3B4923DA395500782F66 /* Main.storyboard */ = {
			isa = PBXVariantGroup;
			children = (
				3EFE3B4A23DA395500782F66 /* Base */,
			);
			name = Main.storyboard;
			sourceTree = "<group>";
		};
		3EFE3B4E23DA395900782F66 /* LaunchScreen.storyboard */ = {
			isa = PBXVariantGroup;
			children = (
				3EFE3B4F23DA395900782F66 /* Base */,
			);
			name = LaunchScreen.storyboard;
			sourceTree = "<group>";
		};
/* End PBXVariantGroup section */

/* Begin XCBuildConfiguration section */
		3EFE3B5D23DA395A00782F66 /* Debug */ = {
			isa = XCBuildConfiguration;
			buildSettings = {
				ALWAYS_SEARCH_USER_PATHS = NO;
				CLANG_ANALYZER_NONNULL = YES;
				CLANG_ANALYZER_NUMBER_OBJECT_CONVERSION = YES_AGGRESSIVE;
				CLANG_CXX_LANGUAGE_STANDARD = "gnu++14";
				CLANG_CXX_LIBRARY = "libc++";
				CLANG_ENABLE_MODULES = YES;
				CLANG_ENABLE_OBJC_ARC = YES;
				CLANG_ENABLE_OBJC_WEAK = YES;
				CLANG_WARN_BLOCK_CAPTURE_AUTORELEASING = YES;
				CLANG_WARN_BOOL_CONVERSION = YES;
				CLANG_WARN_COMMA = YES;
				CLANG_WARN_CONSTANT_CONVERSION = YES;
				CLANG_WARN_DEPRECATED_OBJC_IMPLEMENTATIONS = YES;
				CLANG_WARN_DIRECT_OBJC_ISA_USAGE = YES_ERROR;
				CLANG_WARN_DOCUMENTATION_COMMENTS = YES;
				CLANG_WARN_EMPTY_BODY = YES;
				CLANG_WARN_ENUM_CONVERSION = YES;
				CLANG_WARN_INFINITE_RECURSION = YES;
				CLANG_WARN_INT_CONVERSION = YES;
				CLANG_WARN_NON_LITERAL_NULL_CONVERSION = YES;
				CLANG_WARN_OBJC_IMPLICIT_RETAIN_SELF = YES;
				CLANG_WARN_OBJC_LITERAL_CONVERSION = YES;
				CLANG_WARN_OBJC_ROOT_CLASS = YES_ERROR;
				CLANG_WARN_RANGE_LOOP_ANALYSIS = YES;
				CLANG_WARN_STRICT_PROTOTYPES = YES;
				CLANG_WARN_SUSPICIOUS_MOVE = YES;
				CLANG_WARN_UNGUARDED_AVAILABILITY = YES_AGGRESSIVE;
				CLANG_WARN_UNREACHABLE_CODE = YES;
				CLANG_WARN__DUPLICATE_METHOD_MATCH = YES;
				COPY_PHASE_STRIP = NO;
				DEBUG_INFORMATION_FORMAT = dwarf;
				ENABLE_STRICT_OBJC_MSGSEND = YES;
				ENABLE_TESTABILITY = YES;
				GCC_C_LANGUAGE_STANDARD = gnu11;
				GCC_DYNAMIC_NO_PIC = NO;
				GCC_NO_COMMON_BLOCKS = YES;
				GCC_OPTIMIZATION_LEVEL = 0;
				GCC_PREPROCESSOR_DEFINITIONS = (
					"DEBUG=1",
					"$(inherited)",
				);
				GCC_WARN_64_TO_32_BIT_CONVERSION = YES;
				GCC_WARN_ABOUT_RETURN_TYPE = YES_ERROR;
				GCC_WARN_UNDECLARED_SELECTOR = YES;
				GCC_WARN_UNINITIALIZED_AUTOS = YES_AGGRESSIVE;
				GCC_WARN_UNUSED_FUNCTION = YES;
				GCC_WARN_UNUSED_VARIABLE = YES;
				IPHONEOS_DEPLOYMENT_TARGET = 13.2;
				MTL_ENABLE_DEBUG_INFO = INCLUDE_SOURCE;
				MTL_FAST_MATH = YES;
				ONLY_ACTIVE_ARCH = YES;
				SDKROOT = iphoneos;
				SWIFT_ACTIVE_COMPILATION_CONDITIONS = DEBUG;
				SWIFT_OPTIMIZATION_LEVEL = "-Onone";
			};
			name = Debug;
		};
		3EFE3B5E23DA395A00782F66 /* Release */ = {
			isa = XCBuildConfiguration;
			buildSettings = {
				ALWAYS_SEARCH_USER_PATHS = NO;
				CLANG_ANALYZER_NONNULL = YES;
				CLANG_ANALYZER_NUMBER_OBJECT_CONVERSION = YES_AGGRESSIVE;
				CLANG_CXX_LANGUAGE_STANDARD = "gnu++14";
				CLANG_CXX_LIBRARY = "libc++";
				CLANG_ENABLE_MODULES = YES;
				CLANG_ENABLE_OBJC_ARC = YES;
				CLANG_ENABLE_OBJC_WEAK = YES;
				CLANG_WARN_BLOCK_CAPTURE_AUTORELEASING = YES;
				CLANG_WARN_BOOL_CONVERSION = YES;
				CLANG_WARN_COMMA = YES;
				CLANG_WARN_CONSTANT_CONVERSION = YES;
				CLANG_WARN_DEPRECATED_OBJC_IMPLEMENTATIONS = YES;
				CLANG_WARN_DIRECT_OBJC_ISA_USAGE = YES_ERROR;
				CLANG_WARN_DOCUMENTATION_COMMENTS = YES;
				CLANG_WARN_EMPTY_BODY = YES;
				CLANG_WARN_ENUM_CONVERSION = YES;
				CLANG_WARN_INFINITE_RECURSION = YES;
				CLANG_WARN_INT_CONVERSION = YES;
				CLANG_WARN_NON_LITERAL_NULL_CONVERSION = YES;
				CLANG_WARN_OBJC_IMPLICIT_RETAIN_SELF = YES;
				CLANG_WARN_OBJC_LITERAL_CONVERSION = YES;
				CLANG_WARN_OBJC_ROOT_CLASS = YES_ERROR;
				CLANG_WARN_RANGE_LOOP_ANALYSIS = YES;
				CLANG_WARN_STRICT_PROTOTYPES = YES;
				CLANG_WARN_SUSPICIOUS_MOVE = YES;
				CLANG_WARN_UNGUARDED_AVAILABILITY = YES_AGGRESSIVE;
				CLANG_WARN_UNREACHABLE_CODE = YES;
				CLANG_WARN__DUPLICATE_METHOD_MATCH = YES;
				COPY_PHASE_STRIP = NO;
				DEBUG_INFORMATION_FORMAT = "dwarf-with-dsym";
				ENABLE_NS_ASSERTIONS = NO;
				ENABLE_STRICT_OBJC_MSGSEND = YES;
				GCC_C_LANGUAGE_STANDARD = gnu11;
				GCC_NO_COMMON_BLOCKS = YES;
				GCC_WARN_64_TO_32_BIT_CONVERSION = YES;
				GCC_WARN_ABOUT_RETURN_TYPE = YES_ERROR;
				GCC_WARN_UNDECLARED_SELECTOR = YES;
				GCC_WARN_UNINITIALIZED_AUTOS = YES_AGGRESSIVE;
				GCC_WARN_UNUSED_FUNCTION = YES;
				GCC_WARN_UNUSED_VARIABLE = YES;
				IPHONEOS_DEPLOYMENT_TARGET = 13.2;
				MTL_ENABLE_DEBUG_INFO = NO;
				MTL_FAST_MATH = YES;
				SDKROOT = iphoneos;
				SWIFT_COMPILATION_MODE = wholemodule;
				SWIFT_OPTIMIZATION_LEVEL = "-O";
				VALIDATE_PRODUCT = YES;
			};
			name = Release;
		};
		3EFE3B6023DA395A00782F66 /* Debug */ = {
			isa = XCBuildConfiguration;
			buildSettings = {
				ASSETCATALOG_COMPILER_APPICON_NAME = AppIcon;
				CODE_SIGN_STYLE = Automatic;
				DEVELOPMENT_TEAM = 7NN4QS8KUX;
				INFOPLIST_FILE = Photo_Journal_Project/Info.plist;
				LD_RUNPATH_SEARCH_PATHS = (
					"$(inherited)",
					"@executable_path/Frameworks",
				);
				PRODUCT_BUNDLE_IDENTIFIER = "org.tiffanyobi.Photo-Journal-Project";
				PRODUCT_NAME = "$(TARGET_NAME)";
				SWIFT_VERSION = 5.0;
				TARGETED_DEVICE_FAMILY = "1,2";
			};
			name = Debug;
		};
		3EFE3B6123DA395A00782F66 /* Release */ = {
			isa = XCBuildConfiguration;
			buildSettings = {
				ASSETCATALOG_COMPILER_APPICON_NAME = AppIcon;
				CODE_SIGN_STYLE = Automatic;
				DEVELOPMENT_TEAM = 7NN4QS8KUX;
				INFOPLIST_FILE = Photo_Journal_Project/Info.plist;
				LD_RUNPATH_SEARCH_PATHS = (
					"$(inherited)",
					"@executable_path/Frameworks",
				);
				PRODUCT_BUNDLE_IDENTIFIER = "org.tiffanyobi.Photo-Journal-Project";
				PRODUCT_NAME = "$(TARGET_NAME)";
				SWIFT_VERSION = 5.0;
				TARGETED_DEVICE_FAMILY = "1,2";
			};
			name = Release;
		};
		3EFE3B6323DA395A00782F66 /* Debug */ = {
			isa = XCBuildConfiguration;
			buildSettings = {
				ALWAYS_EMBED_SWIFT_STANDARD_LIBRARIES = YES;
				BUNDLE_LOADER = "$(TEST_HOST)";
				CODE_SIGN_STYLE = Automatic;
				DEVELOPMENT_TEAM = 7NN4QS8KUX;
				INFOPLIST_FILE = Photo_Journal_ProjectTests/Info.plist;
				IPHONEOS_DEPLOYMENT_TARGET = 13.2;
				LD_RUNPATH_SEARCH_PATHS = (
					"$(inherited)",
					"@executable_path/Frameworks",
					"@loader_path/Frameworks",
				);
				PRODUCT_BUNDLE_IDENTIFIER = "org.tiffanyobi.Photo-Journal-ProjectTests";
				PRODUCT_NAME = "$(TARGET_NAME)";
				SWIFT_VERSION = 5.0;
				TARGETED_DEVICE_FAMILY = "1,2";
				TEST_HOST = "$(BUILT_PRODUCTS_DIR)/Photo_Journal_Project.app/Photo_Journal_Project";
			};
			name = Debug;
		};
		3EFE3B6423DA395A00782F66 /* Release */ = {
			isa = XCBuildConfiguration;
			buildSettings = {
				ALWAYS_EMBED_SWIFT_STANDARD_LIBRARIES = YES;
				BUNDLE_LOADER = "$(TEST_HOST)";
				CODE_SIGN_STYLE = Automatic;
				DEVELOPMENT_TEAM = 7NN4QS8KUX;
				INFOPLIST_FILE = Photo_Journal_ProjectTests/Info.plist;
				IPHONEOS_DEPLOYMENT_TARGET = 13.2;
				LD_RUNPATH_SEARCH_PATHS = (
					"$(inherited)",
					"@executable_path/Frameworks",
					"@loader_path/Frameworks",
				);
				PRODUCT_BUNDLE_IDENTIFIER = "org.tiffanyobi.Photo-Journal-ProjectTests";
				PRODUCT_NAME = "$(TARGET_NAME)";
				SWIFT_VERSION = 5.0;
				TARGETED_DEVICE_FAMILY = "1,2";
				TEST_HOST = "$(BUILT_PRODUCTS_DIR)/Photo_Journal_Project.app/Photo_Journal_Project";
			};
			name = Release;
		};
/* End XCBuildConfiguration section */

/* Begin XCConfigurationList section */
		3EFE3B3B23DA395500782F66 /* Build configuration list for PBXProject "Photo_Journal_Project" */ = {
			isa = XCConfigurationList;
			buildConfigurations = (
				3EFE3B5D23DA395A00782F66 /* Debug */,
				3EFE3B5E23DA395A00782F66 /* Release */,
			);
			defaultConfigurationIsVisible = 0;
			defaultConfigurationName = Release;
		};
		3EFE3B5F23DA395A00782F66 /* Build configuration list for PBXNativeTarget "Photo_Journal_Project" */ = {
			isa = XCConfigurationList;
			buildConfigurations = (
				3EFE3B6023DA395A00782F66 /* Debug */,
				3EFE3B6123DA395A00782F66 /* Release */,
			);
			defaultConfigurationIsVisible = 0;
			defaultConfigurationName = Release;
		};
		3EFE3B6223DA395A00782F66 /* Build configuration list for PBXNativeTarget "Photo_Journal_ProjectTests" */ = {
			isa = XCConfigurationList;
			buildConfigurations = (
				3EFE3B6323DA395A00782F66 /* Debug */,
				3EFE3B6423DA395A00782F66 /* Release */,
			);
			defaultConfigurationIsVisible = 0;
			defaultConfigurationName = Release;
		};
/* End XCConfigurationList section */
	};
	rootObject = 3EFE3B3823DA395500782F66 /* Project object */;
}
